// !$*UTF8*$!
{
	archiveVersion = 1;
	classes = {
	};
	objectVersion = 50;
	objects = {

/* Begin PBXBuildFile section */
		5D395CA424C8826A009498C3 /* AppDelegate.swift in Sources */ = {isa = PBXBuildFile; fileRef = 5D395CA324C8826A009498C3 /* AppDelegate.swift */; };
		5D395CA624C8826A009498C3 /* SceneDelegate.swift in Sources */ = {isa = PBXBuildFile; fileRef = 5D395CA524C8826A009498C3 /* SceneDelegate.swift */; };
		5D395CA824C8826A009498C3 /* ContentView.swift in Sources */ = {isa = PBXBuildFile; fileRef = 5D395CA724C8826A009498C3 /* ContentView.swift */; };
		5D395CAA24C8826C009498C3 /* Assets.xcassets in Resources */ = {isa = PBXBuildFile; fileRef = 5D395CA924C8826C009498C3 /* Assets.xcassets */; };
		5D395CAD24C8826C009498C3 /* Preview Assets.xcassets in Resources */ = {isa = PBXBuildFile; fileRef = 5D395CAC24C8826C009498C3 /* Preview Assets.xcassets */; };
		5D395CB024C8826C009498C3 /* LaunchScreen.storyboard in Resources */ = {isa = PBXBuildFile; fileRef = 5D395CAE24C8826C009498C3 /* LaunchScreen.storyboard */; };
		5D395CBB24C8826D009498C3 /* KWK_Project_1Tests.swift in Sources */ = {isa = PBXBuildFile; fileRef = 5D395CBA24C8826D009498C3 /* KWK_Project_1Tests.swift */; };
		5D395CC624C8826D009498C3 /* KWK_Project_1UITests.swift in Sources */ = {isa = PBXBuildFile; fileRef = 5D395CC524C8826D009498C3 /* KWK_Project_1UITests.swift */; };
/* End PBXBuildFile section */

/* Begin PBXContainerItemProxy section */
		5D395CB724C8826D009498C3 /* PBXContainerItemProxy */ = {
			isa = PBXContainerItemProxy;
			containerPortal = 5D395C9824C8826A009498C3 /* Project object */;
			proxyType = 1;
			remoteGlobalIDString = 5D395C9F24C8826A009498C3;
			remoteInfo = "KWK Project 1";
		};
		5D395CC224C8826D009498C3 /* PBXContainerItemProxy */ = {
			isa = PBXContainerItemProxy;
			containerPortal = 5D395C9824C8826A009498C3 /* Project object */;
			proxyType = 1;
			remoteGlobalIDString = 5D395C9F24C8826A009498C3;
			remoteInfo = "KWK Project 1";
		};
/* End PBXContainerItemProxy section */

/* Begin PBXFileReference section */
		5D395CA024C8826A009498C3 /* KWK Project 1.app */ = {isa = PBXFileReference; explicitFileType = wrapper.application; includeInIndex = 0; path = "KWK Project 1.app"; sourceTree = BUILT_PRODUCTS_DIR; };
		5D395CA324C8826A009498C3 /* AppDelegate.swift */ = {isa = PBXFileReference; lastKnownFileType = sourcecode.swift; path = AppDelegate.swift; sourceTree = "<group>"; };
		5D395CA524C8826A009498C3 /* SceneDelegate.swift */ = {isa = PBXFileReference; lastKnownFileType = sourcecode.swift; path = SceneDelegate.swift; sourceTree = "<group>"; };
		5D395CA724C8826A009498C3 /* ContentView.swift */ = {isa = PBXFileReference; lastKnownFileType = sourcecode.swift; path = ContentView.swift; sourceTree = "<group>"; };
		5D395CA924C8826C009498C3 /* Assets.xcassets */ = {isa = PBXFileReference; lastKnownFileType = folder.assetcatalog; path = Assets.xcassets; sourceTree = "<group>"; };
		5D395CAC24C8826C009498C3 /* Preview Assets.xcassets */ = {isa = PBXFileReference; lastKnownFileType = folder.assetcatalog; path = "Preview Assets.xcassets"; sourceTree = "<group>"; };
		5D395CAF24C8826C009498C3 /* Base */ = {isa = PBXFileReference; lastKnownFileType = file.storyboard; name = Base; path = Base.lproj/LaunchScreen.storyboard; sourceTree = "<group>"; };
		5D395CB124C8826C009498C3 /* Info.plist */ = {isa = PBXFileReference; lastKnownFileType = text.plist.xml; path = Info.plist; sourceTree = "<group>"; };
		5D395CB624C8826D009498C3 /* KWK Project 1Tests.xctest */ = {isa = PBXFileReference; explicitFileType = wrapper.cfbundle; includeInIndex = 0; path = "KWK Project 1Tests.xctest"; sourceTree = BUILT_PRODUCTS_DIR; };
		5D395CBA24C8826D009498C3 /* KWK_Project_1Tests.swift */ = {isa = PBXFileReference; lastKnownFileType = sourcecode.swift; path = KWK_Project_1Tests.swift; sourceTree = "<group>"; };
		5D395CBC24C8826D009498C3 /* Info.plist */ = {isa = PBXFileReference; lastKnownFileType = text.plist.xml; path = Info.plist; sourceTree = "<group>"; };
		5D395CC124C8826D009498C3 /* KWK Project 1UITests.xctest */ = {isa = PBXFileReference; explicitFileType = wrapper.cfbundle; includeInIndex = 0; path = "KWK Project 1UITests.xctest"; sourceTree = BUILT_PRODUCTS_DIR; };
		5D395CC524C8826D009498C3 /* KWK_Project_1UITests.swift */ = {isa = PBXFileReference; lastKnownFileType = sourcecode.swift; path = KWK_Project_1UITests.swift; sourceTree = "<group>"; };
		5D395CC724C8826D009498C3 /* Info.plist */ = {isa = PBXFileReference; lastKnownFileType = text.plist.xml; path = Info.plist; sourceTree = "<group>"; };
/* End PBXFileReference section */

/* Begin PBXFrameworksBuildPhase section */
		5D395C9D24C8826A009498C3 /* Frameworks */ = {
			isa = PBXFrameworksBuildPhase;
			buildActionMask = 2147483647;
			files = (
			);
			runOnlyForDeploymentPostprocessing = 0;
		};
		5D395CB324C8826D009498C3 /* Frameworks */ = {
			isa = PBXFrameworksBuildPhase;
			buildActionMask = 2147483647;
			files = (
			);
			runOnlyForDeploymentPostprocessing = 0;
		};
		5D395CBE24C8826D009498C3 /* Frameworks */ = {
			isa = PBXFrameworksBuildPhase;
			buildActionMask = 2147483647;
			files = (
			);
			runOnlyForDeploymentPostprocessing = 0;
		};
/* End PBXFrameworksBuildPhase section */

/* Begin PBXGroup section */
		5D395C9724C8826A009498C3 = {
			isa = PBXGroup;
			children = (
				5D395CA224C8826A009498C3 /* KWK Project 1 */,
				5D395CB924C8826D009498C3 /* KWK Project 1Tests */,
				5D395CC424C8826D009498C3 /* KWK Project 1UITests */,
				5D395CA124C8826A009498C3 /* Products */,
			);
			sourceTree = "<group>";
		};
		5D395CA124C8826A009498C3 /* Products */ = {
			isa = PBXGroup;
			children = (
				5D395CA024C8826A009498C3 /* KWK Project 1.app */,
				5D395CB624C8826D009498C3 /* KWK Project 1Tests.xctest */,
				5D395CC124C8826D009498C3 /* KWK Project 1UITests.xctest */,
			);
			name = Products;
			sourceTree = "<group>";
		};
		5D395CA224C8826A009498C3 /* KWK Project 1 */ = {
			isa = PBXGroup;
			children = (
				5D395CA324C8826A009498C3 /* AppDelegate.swift */,
				5D395CA524C8826A009498C3 /* SceneDelegate.swift */,
				5D395CA724C8826A009498C3 /* ContentView.swift */,
				5D395CA924C8826C009498C3 /* Assets.xcassets */,
				5D395CAE24C8826C009498C3 /* LaunchScreen.storyboard */,
				5D395CB124C8826C009498C3 /* Info.plist */,
				5D395CAB24C8826C009498C3 /* Preview Content */,
			);
			path = "KWK Project 1";
			sourceTree = "<group>";
		};
		5D395CAB24C8826C009498C3 /* Preview Content */ = {
			isa = PBXGroup;
			children = (
				5D395CAC24C8826C009498C3 /* Preview Assets.xcassets */,
			);
			path = "Preview Content";
			sourceTree = "<group>";
		};
		5D395CB924C8826D009498C3 /* KWK Project 1Tests */ = {
			isa = PBXGroup;
			children = (
				5D395CBA24C8826D009498C3 /* KWK_Project_1Tests.swift */,
				5D395CBC24C8826D009498C3 /* Info.plist */,
			);
			path = "KWK Project 1Tests";
			sourceTree = "<group>";
		};
		5D395CC424C8826D009498C3 /* KWK Project 1UITests */ = {
			isa = PBXGroup;
			children = (
				5D395CC524C8826D009498C3 /* KWK_Project_1UITests.swift */,
				5D395CC724C8826D009498C3 /* Info.plist */,
			);
			path = "KWK Project 1UITests";
			sourceTree = "<group>";
		};
/* End PBXGroup section */

/* Begin PBXNativeTarget section */
		5D395C9F24C8826A009498C3 /* KWK Project 1 */ = {
			isa = PBXNativeTarget;
			buildConfigurationList = 5D395CCA24C8826D009498C3 /* Build configuration list for PBXNativeTarget "KWK Project 1" */;
			buildPhases = (
				5D395C9C24C8826A009498C3 /* Sources */,
				5D395C9D24C8826A009498C3 /* Frameworks */,
				5D395C9E24C8826A009498C3 /* Resources */,
			);
			buildRules = (
			);
			dependencies = (
			);
			name = "KWK Project 1";
			productName = "KWK Project 1";
			productReference = 5D395CA024C8826A009498C3 /* KWK Project 1.app */;
			productType = "com.apple.product-type.application";
		};
		5D395CB524C8826D009498C3 /* KWK Project 1Tests */ = {
			isa = PBXNativeTarget;
			buildConfigurationList = 5D395CCD24C8826D009498C3 /* Build configuration list for PBXNativeTarget "KWK Project 1Tests" */;
			buildPhases = (
				5D395CB224C8826D009498C3 /* Sources */,
				5D395CB324C8826D009498C3 /* Frameworks */,
				5D395CB424C8826D009498C3 /* Resources */,
			);
			buildRules = (
			);
			dependencies = (
				5D395CB824C8826D009498C3 /* PBXTargetDependency */,
			);
			name = "KWK Project 1Tests";
			productName = "KWK Project 1Tests";
			productReference = 5D395CB624C8826D009498C3 /* KWK Project 1Tests.xctest */;
			productType = "com.apple.product-type.bundle.unit-test";
		};
		5D395CC024C8826D009498C3 /* KWK Project 1UITests */ = {
			isa = PBXNativeTarget;
			buildConfigurationList = 5D395CD024C8826D009498C3 /* Build configuration list for PBXNativeTarget "KWK Project 1UITests" */;
			buildPhases = (
				5D395CBD24C8826D009498C3 /* Sources */,
				5D395CBE24C8826D009498C3 /* Frameworks */,
				5D395CBF24C8826D009498C3 /* Resources */,
			);
			buildRules = (
			);
			dependencies = (
				5D395CC324C8826D009498C3 /* PBXTargetDependency */,
			);
			name = "KWK Project 1UITests";
			productName = "KWK Project 1UITests";
			productReference = 5D395CC124C8826D009498C3 /* KWK Project 1UITests.xctest */;
			productType = "com.apple.product-type.bundle.ui-testing";
		};
/* End PBXNativeTarget section */

/* Begin PBXProject section */
		5D395C9824C8826A009498C3 /* Project object */ = {
			isa = PBXProject;
			attributes = {
				LastSwiftUpdateCheck = 1150;
				LastUpgradeCheck = 1150;
				ORGANIZATIONNAME = "Carigan Mcguinn";
				TargetAttributes = {
					5D395C9F24C8826A009498C3 = {
						CreatedOnToolsVersion = 11.5;
					};
					5D395CB524C8826D009498C3 = {
						CreatedOnToolsVersion = 11.5;
						TestTargetID = 5D395C9F24C8826A009498C3;
					};
					5D395CC024C8826D009498C3 = {
						CreatedOnToolsVersion = 11.5;
						TestTargetID = 5D395C9F24C8826A009498C3;
					};
				};
			};
			buildConfigurationList = 5D395C9B24C8826A009498C3 /* Build configuration list for PBXProject "KWK Project 1" */;
			compatibilityVersion = "Xcode 9.3";
			developmentRegion = en;
			hasScannedForEncodings = 0;
			knownRegions = (
				en,
				Base,
			);
			mainGroup = 5D395C9724C8826A009498C3;
			productRefGroup = 5D395CA124C8826A009498C3 /* Products */;
			projectDirPath = "";
			projectRoot = "";
			targets = (
				5D395C9F24C8826A009498C3 /* KWK Project 1 */,
				5D395CB524C8826D009498C3 /* KWK Project 1Tests */,
				5D395CC024C8826D009498C3 /* KWK Project 1UITests */,
			);
		};
/* End PBXProject section */

/* Begin PBXResourcesBuildPhase section */
		5D395C9E24C8826A009498C3 /* Resources */ = {
			isa = PBXResourcesBuildPhase;
			buildActionMask = 2147483647;
			files = (
				5D395CB024C8826C009498C3 /* LaunchScreen.storyboard in Resources */,
				5D395CAD24C8826C009498C3 /* Preview Assets.xcassets in Resources */,
				5D395CAA24C8826C009498C3 /* Assets.xcassets in Resources */,
			);
			runOnlyForDeploymentPostprocessing = 0;
		};
		5D395CB424C8826D009498C3 /* Resources */ = {
			isa = PBXResourcesBuildPhase;
			buildActionMask = 2147483647;
			files = (
			);
			runOnlyForDeploymentPostprocessing = 0;
		};
		5D395CBF24C8826D009498C3 /* Resources */ = {
			isa = PBXResourcesBuildPhase;
			buildActionMask = 2147483647;
			files = (
			);
			runOnlyForDeploymentPostprocessing = 0;
		};
/* End PBXResourcesBuildPhase section */

/* Begin PBXSourcesBuildPhase section */
		5D395C9C24C8826A009498C3 /* Sources */ = {
			isa = PBXSourcesBuildPhase;
			buildActionMask = 2147483647;
			files = (
				5D395CA424C8826A009498C3 /* AppDelegate.swift in Sources */,
				5D395CA624C8826A009498C3 /* SceneDelegate.swift in Sources */,
				5D395CA824C8826A009498C3 /* ContentView.swift in Sources */,
			);
			runOnlyForDeploymentPostprocessing = 0;
		};
		5D395CB224C8826D009498C3 /* Sources */ = {
			isa = PBXSourcesBuildPhase;
			buildActionMask = 2147483647;
			files = (
				5D395CBB24C8826D009498C3 /* KWK_Project_1Tests.swift in Sources */,
			);
			runOnlyForDeploymentPostprocessing = 0;
		};
		5D395CBD24C8826D009498C3 /* Sources */ = {
			isa = PBXSourcesBuildPhase;
			buildActionMask = 2147483647;
			files = (
				5D395CC624C8826D009498C3 /* KWK_Project_1UITests.swift in Sources */,
			);
			runOnlyForDeploymentPostprocessing = 0;
		};
/* End PBXSourcesBuildPhase section */

/* Begin PBXTargetDependency section */
		5D395CB824C8826D009498C3 /* PBXTargetDependency */ = {
			isa = PBXTargetDependency;
			target = 5D395C9F24C8826A009498C3 /* KWK Project 1 */;
			targetProxy = 5D395CB724C8826D009498C3 /* PBXContainerItemProxy */;
		};
		5D395CC324C8826D009498C3 /* PBXTargetDependency */ = {
			isa = PBXTargetDependency;
			target = 5D395C9F24C8826A009498C3 /* KWK Project 1 */;
			targetProxy = 5D395CC224C8826D009498C3 /* PBXContainerItemProxy */;
		};
/* End PBXTargetDependency section */

/* Begin PBXVariantGroup section */
		5D395CAE24C8826C009498C3 /* LaunchScreen.storyboard */ = {
			isa = PBXVariantGroup;
			children = (
				5D395CAF24C8826C009498C3 /* Base */,
			);
			name = LaunchScreen.storyboard;
			sourceTree = "<group>";
		};
/* End PBXVariantGroup section */

/* Begin XCBuildConfiguration section */
		5D395CC824C8826D009498C3 /* Debug */ = {
			isa = XCBuildConfiguration;
			buildSettings = {
				ALWAYS_SEARCH_USER_PATHS = NO;
				CLANG_ANALYZER_NONNULL = YES;
				CLANG_ANALYZER_NUMBER_OBJECT_CONVERSION = YES_AGGRESSIVE;
				CLANG_CXX_LANGUAGE_STANDARD = "gnu++14";
				CLANG_CXX_LIBRARY = "libc++";
				CLANG_ENABLE_MODULES = YES;
				CLANG_ENABLE_OBJC_ARC = YES;
				CLANG_ENABLE_OBJC_WEAK = YES;
				CLANG_WARN_BLOCK_CAPTURE_AUTORELEASING = YES;
				CLANG_WARN_BOOL_CONVERSION = YES;
				CLANG_WARN_COMMA = YES;
				CLANG_WARN_CONSTANT_CONVERSION = YES;
				CLANG_WARN_DEPRECATED_OBJC_IMPLEMENTATIONS = YES;
				CLANG_WARN_DIRECT_OBJC_ISA_USAGE = YES_ERROR;
				CLANG_WARN_DOCUMENTATION_COMMENTS = YES;
				CLANG_WARN_EMPTY_BODY = YES;
				CLANG_WARN_ENUM_CONVERSION = YES;
				CLANG_WARN_INFINITE_RECURSION = YES;
				CLANG_WARN_INT_CONVERSION = YES;
				CLANG_WARN_NON_LITERAL_NULL_CONVERSION = YES;
				CLANG_WARN_OBJC_IMPLICIT_RETAIN_SELF = YES;
				CLANG_WARN_OBJC_LITERAL_CONVERSION = YES;
				CLANG_WARN_OBJC_ROOT_CLASS = YES_ERROR;
				CLANG_WARN_RANGE_LOOP_ANALYSIS = YES;
				CLANG_WARN_STRICT_PROTOTYPES = YES;
				CLANG_WARN_SUSPICIOUS_MOVE = YES;
				CLANG_WARN_UNGUARDED_AVAILABILITY = YES_AGGRESSIVE;
				CLANG_WARN_UNREACHABLE_CODE = YES;
				CLANG_WARN__DUPLICATE_METHOD_MATCH = YES;
				COPY_PHASE_STRIP = NO;
				DEBUG_INFORMATION_FORMAT = dwarf;
				ENABLE_STRICT_OBJC_MSGSEND = YES;
				ENABLE_TESTABILITY = YES;
				GCC_C_LANGUAGE_STANDARD = gnu11;
				GCC_DYNAMIC_NO_PIC = NO;
				GCC_NO_COMMON_BLOCKS = YES;
				GCC_OPTIMIZATION_LEVEL = 0;
				GCC_PREPROCESSOR_DEFINITIONS = (
					"DEBUG=1",
					"$(inherited)",
				);
				GCC_WARN_64_TO_32_BIT_CONVERSION = YES;
				GCC_WARN_ABOUT_RETURN_TYPE = YES_ERROR;
				GCC_WARN_UNDECLARED_SELECTOR = YES;
				GCC_WARN_UNINITIALIZED_AUTOS = YES_AGGRESSIVE;
				GCC_WARN_UNUSED_FUNCTION = YES;
				GCC_WARN_UNUSED_VARIABLE = YES;
				IPHONEOS_DEPLOYMENT_TARGET = 13.5;
				MTL_ENABLE_DEBUG_INFO = INCLUDE_SOURCE;
				MTL_FAST_MATH = YES;
				ONLY_ACTIVE_ARCH = YES;
				SDKROOT = iphoneos;
				SWIFT_ACTIVE_COMPILATION_CONDITIONS = DEBUG;
				SWIFT_OPTIMIZATION_LEVEL = "-Onone";
			};
			name = Debug;
		};
		5D395CC924C8826D009498C3 /* Release */ = {
			isa = XCBuildConfiguration;
			buildSettings = {
				ALWAYS_SEARCH_USER_PATHS = NO;
				CLANG_ANALYZER_NONNULL = YES;
				CLANG_ANALYZER_NUMBER_OBJECT_CONVERSION = YES_AGGRESSIVE;
				CLANG_CXX_LANGUAGE_STANDARD = "gnu++14";
				CLANG_CXX_LIBRARY = "libc++";
				CLANG_ENABLE_MODULES = YES;
				CLANG_ENABLE_OBJC_ARC = YES;
				CLANG_ENABLE_OBJC_WEAK = YES;
				CLANG_WARN_BLOCK_CAPTURE_AUTORELEASING = YES;
				CLANG_WARN_BOOL_CONVERSION = YES;
				CLANG_WARN_COMMA = YES;
				CLANG_WARN_CONSTANT_CONVERSION = YES;
				CLANG_WARN_DEPRECATED_OBJC_IMPLEMENTATIONS = YES;
				CLANG_WARN_DIRECT_OBJC_ISA_USAGE = YES_ERROR;
				CLANG_WARN_DOCUMENTATION_COMMENTS = YES;
				CLANG_WARN_EMPTY_BODY = YES;
				CLANG_WARN_ENUM_CONVERSION = YES;
				CLANG_WARN_INFINITE_RECURSION = YES;
				CLANG_WARN_INT_CONVERSION = YES;
				CLANG_WARN_NON_LITERAL_NULL_CONVERSION = YES;
				CLANG_WARN_OBJC_IMPLICIT_RETAIN_SELF = YES;
				CLANG_WARN_OBJC_LITERAL_CONVERSION = YES;
				CLANG_WARN_OBJC_ROOT_CLASS = YES_ERROR;
				CLANG_WARN_RANGE_LOOP_ANALYSIS = YES;
				CLANG_WARN_STRICT_PROTOTYPES = YES;
				CLANG_WARN_SUSPICIOUS_MOVE = YES;
				CLANG_WARN_UNGUARDED_AVAILABILITY = YES_AGGRESSIVE;
				CLANG_WARN_UNREACHABLE_CODE = YES;
				CLANG_WARN__DUPLICATE_METHOD_MATCH = YES;
				COPY_PHASE_STRIP = NO;
				DEBUG_INFORMATION_FORMAT = "dwarf-with-dsym";
				ENABLE_NS_ASSERTIONS = NO;
				ENABLE_STRICT_OBJC_MSGSEND = YES;
				GCC_C_LANGUAGE_STANDARD = gnu11;
				GCC_NO_COMMON_BLOCKS = YES;
				GCC_WARN_64_TO_32_BIT_CONVERSION = YES;
				GCC_WARN_ABOUT_RETURN_TYPE = YES_ERROR;
				GCC_WARN_UNDECLARED_SELECTOR = YES;
				GCC_WARN_UNINITIALIZED_AUTOS = YES_AGGRESSIVE;
				GCC_WARN_UNUSED_FUNCTION = YES;
				GCC_WARN_UNUSED_VARIABLE = YES;
				IPHONEOS_DEPLOYMENT_TARGET = 13.5;
				MTL_ENABLE_DEBUG_INFO = NO;
				MTL_FAST_MATH = YES;
				SDKROOT = iphoneos;
				SWIFT_COMPILATION_MODE = wholemodule;
				SWIFT_OPTIMIZATION_LEVEL = "-O";
				VALIDATE_PRODUCT = YES;
			};
			name = Release;
		};
		5D395CCB24C8826D009498C3 /* Debug */ = {
			isa = XCBuildConfiguration;
			buildSettings = {
				ASSETCATALOG_COMPILER_APPICON_NAME = AppIcon;
				CODE_SIGN_STYLE = Automatic;
				DEVELOPMENT_ASSET_PATHS = "\"KWK Project 1/Preview Content\"";
				ENABLE_PREVIEWS = YES;
				INFOPLIST_FILE = "KWK Project 1/Info.plist";
				LD_RUNPATH_SEARCH_PATHS = (
					"$(inherited)",
					"@executable_path/Frameworks",
				);
				PRODUCT_BUNDLE_IDENTIFIER = "KWK.KWK-Project-1";
				PRODUCT_NAME = "$(TARGET_NAME)";
				SWIFT_VERSION = 5.0;
				TARGETED_DEVICE_FAMILY = "1,2";
			};
			name = Debug;
		};
		5D395CCC24C8826D009498C3 /* Release */ = {
			isa = XCBuildConfiguration;
			buildSettings = {
				ASSETCATALOG_COMPILER_APPICON_NAME = AppIcon;
				CODE_SIGN_STYLE = Automatic;
				DEVELOPMENT_ASSET_PATHS = "\"KWK Project 1/Preview Content\"";
				ENABLE_PREVIEWS = YES;
				INFOPLIST_FILE = "KWK Project 1/Info.plist";
				LD_RUNPATH_SEARCH_PATHS = (
					"$(inherited)",
					"@executable_path/Frameworks",
				);
				PRODUCT_BUNDLE_IDENTIFIER = "KWK.KWK-Project-1";
				PRODUCT_NAME = "$(TARGET_NAME)";
				SWIFT_VERSION = 5.0;
				TARGETED_DEVICE_FAMILY = "1,2";
			};
			name = Release;
		};
		5D395CCE24C8826D009498C3 /* Debug */ = {
			isa = XCBuildConfiguration;
			buildSettings = {
				ALWAYS_EMBED_SWIFT_STANDARD_LIBRARIES = YES;
				BUNDLE_LOADER = "$(TEST_HOST)";
				CODE_SIGN_STYLE = Automatic;
				INFOPLIST_FILE = "KWK Project 1Tests/Info.plist";
				IPHONEOS_DEPLOYMENT_TARGET = 13.5;
				LD_RUNPATH_SEARCH_PATHS = (
					"$(inherited)",
					"@executable_path/Frameworks",
					"@loader_path/Frameworks",
				);
				PRODUCT_BUNDLE_IDENTIFIER = "KWK.KWK-Project-1Tests";
				PRODUCT_NAME = "$(TARGET_NAME)";
				SWIFT_VERSION = 5.0;
				TARGETED_DEVICE_FAMILY = "1,2";
				TEST_HOST = "$(BUILT_PRODUCTS_DIR)/KWK Project 1.app/KWK Project 1";
			};
			name = Debug;
		};
		5D395CCF24C8826D009498C3 /* Release */ = {
			isa = XCBuildConfiguration;
			buildSettings = {
				ALWAYS_EMBED_SWIFT_STANDARD_LIBRARIES = YES;
				BUNDLE_LOADER = "$(TEST_HOST)";
				CODE_SIGN_STYLE = Automatic;
				INFOPLIST_FILE = "KWK Project 1Tests/Info.plist";
				IPHONEOS_DEPLOYMENT_TARGET = 13.5;
				LD_RUNPATH_SEARCH_PATHS = (
					"$(inherited)",
					"@executable_path/Frameworks",
					"@loader_path/Frameworks",
				);
				PRODUCT_BUNDLE_IDENTIFIER = "KWK.KWK-Project-1Tests";
				PRODUCT_NAME = "$(TARGET_NAME)";
				SWIFT_VERSION = 5.0;
				TARGETED_DEVICE_FAMILY = "1,2";
				TEST_HOST = "$(BUILT_PRODUCTS_DIR)/KWK Project 1.app/KWK Project 1";
			};
			name = Release;
		};
		5D395CD124C8826D009498C3 /* Debug */ = {
			isa = XCBuildConfiguration;
			buildSettings = {
				ALWAYS_EMBED_SWIFT_STANDARD_LIBRARIES = YES;
				CODE_SIGN_STYLE = Automatic;
				INFOPLIST_FILE = "KWK Project 1UITests/Info.plist";
				LD_RUNPATH_SEARCH_PATHS = (
					"$(inherited)",
					"@executable_path/Frameworks",
					"@loader_path/Frameworks",
				);
				PRODUCT_BUNDLE_IDENTIFIER = "KWK.KWK-Project-1UITests";
				PRODUCT_NAME = "$(TARGET_NAME)";
				SWIFT_VERSION = 5.0;
				TARGETED_DEVICE_FAMILY = "1,2";
				TEST_TARGET_NAME = "KWK Project 1";
			};
			name = Debug;
		};
		5D395CD224C8826D009498C3 /* Release */ = {
			isa = XCBuildConfiguration;
			buildSettings = {
				ALWAYS_EMBED_SWIFT_STANDARD_LIBRARIES = YES;
				CODE_SIGN_STYLE = Automatic;
				INFOPLIST_FILE = "KWK Project 1UITests/Info.plist";
				LD_RUNPATH_SEARCH_PATHS = (
					"$(inherited)",
					"@executable_path/Frameworks",
					"@loader_path/Frameworks",
				);
				PRODUCT_BUNDLE_IDENTIFIER = "KWK.KWK-Project-1UITests";
				PRODUCT_NAME = "$(TARGET_NAME)";
				SWIFT_VERSION = 5.0;
				TARGETED_DEVICE_FAMILY = "1,2";
				TEST_TARGET_NAME = "KWK Project 1";
			};
			name = Release;
		};
/* End XCBuildConfiguration section */

/* Begin XCConfigurationList section */
		5D395C9B24C8826A009498C3 /* Build configuration list for PBXProject "KWK Project 1" */ = {
			isa = XCConfigurationList;
			buildConfigurations = (
				5D395CC824C8826D009498C3 /* Debug */,
				5D395CC924C8826D009498C3 /* Release */,
			);
			defaultConfigurationIsVisible = 0;
			defaultConfigurationName = Release;
		};
		5D395CCA24C8826D009498C3 /* Build configuration list for PBXNativeTarget "KWK Project 1" */ = {
			isa = XCConfigurationList;
			buildConfigurations = (
				5D395CCB24C8826D009498C3 /* Debug */,
				5D395CCC24C8826D009498C3 /* Release */,
			);
			defaultConfigurationIsVisible = 0;
			defaultConfigurationName = Release;
		};
		5D395CCD24C8826D009498C3 /* Build configuration list for PBXNativeTarget "KWK Project 1Tests" */ = {
			isa = XCConfigurationList;
			buildConfigurations = (
				5D395CCE24C8826D009498C3 /* Debug */,
				5D395CCF24C8826D009498C3 /* Release */,
			);
			defaultConfigurationIsVisible = 0;
			defaultConfigurationName = Release;
		};
		5D395CD024C8826D009498C3 /* Build configuration list for PBXNativeTarget "KWK Project 1UITests" */ = {
			isa = XCConfigurationList;
			buildConfigurations = (
				5D395CD124C8826D009498C3 /* Debug */,
				5D395CD224C8826D009498C3 /* Release */,
			);
			defaultConfigurationIsVisible = 0;
			defaultConfigurationName = Release;
		};
/* End XCConfigurationList section */
	};
	rootObject = 5D395C9824C8826A009498C3 /* Project object */;
}
